{
  "name": "trpc-repro",
  "version": "1.0.0",
  "lockfileVersion": 2,
  "requires": true,
  "packages": {
    "": {
      "name": "trpc-repro",
      "version": "1.0.0",
      "dependencies": {
        "@trpc/server": "^10.0.0-proxy-beta.24",
        "typescript": "^4.8.4"
      }
    },
    "node_modules/@trpc/server": {
      "version": "10.0.0-proxy-beta.24",
      "resolved": "https://registry.npmjs.org/@trpc/server/-/server-10.0.0-proxy-beta.24.tgz",
      "integrity": "sha512-//7IhD+SN5UcpVH35CGDXph6zO38FLTDI8cMn+FHrDSCecMrncmnpGuTOlw7m5Din96FJtqsxJL2yc2T94HhcQ=="
    },
    "node_modules/typescript": {
      "version": "4.8.4",
      "resolved": "https://registry.npmjs.org/typescript/-/typescript-4.8.4.tgz",
      "integrity": "sha512-QCh+85mCy+h0IGff8r5XWzOVSbBO+KfeYrMQh7NJ58QujwcE22u+NUSmUxqF+un70P9GXKxa2HCNiTTMJknyjQ==",
      "bin": {
        "tsc": "bin/tsc",
        "tsserver": "bin/tsserver"
      },
      "engines": {
        "node": ">=4.2.0"
      }
    }
  },
  "dependencies": {
    "@trpc/server": {
      "version": "10.0.0-proxy-beta.24",
      "resolved": "https://registry.npmjs.org/@trpc/server/-/server-10.0.0-proxy-beta.24.tgz",
      "integrity": "sha512-//7IhD+SN5UcpVH35CGDXph6zO38FLTDI8cMn+FHrDSCecMrncmnpGuTOlw7m5Din96FJtqsxJL2yc2T94HhcQ=="
    },
    "typescript": {
      "version": "4.8.4",
      "resolved": "https://registry.npmjs.org/typescript/-/typescript-4.8.4.tgz",
      "integrity": "sha512-QCh+85mCy+h0IGff8r5XWzOVSbBO+KfeYrMQh7NJ58QujwcE22u+NUSmUxqF+un70P9GXKxa2HCNiTTMJknyjQ=="
    }
  }
}
